
Microsoft Visual Studio Solution File, Format Version 12.00
# Visual Studio Version 17
VisualStudioVersion = 17.5.33627.172
MinimumVisualStudioVersion = 10.0.40219.1
Project("{9A19103F-16F7-4668-BE54-9A1E7A4F7556}") = "Week1Torsdag", "Torsdag\Week1Torsdag.csproj", "{372D5B5E-998D-483C-B9B6-2B2F985C5829}"
EndProject
Project("{9A19103F-16F7-4668-BE54-9A1E7A4F7556}") = "Arrays", "Arrays\Arrays.csproj", "{C7C413A4-5140-4105-8E3A-B2E54C61DDF7}"
EndProject
Project("{9A19103F-16F7-4668-BE54-9A1E7A4F7556}") = "Week1Fredag", "Fredag\Week1Fredag.csproj", "{16A40559-A6B7-4141-BBA4-479A910BD6EE}"
EndProject
Project("{9A19103F-16F7-4668-BE54-9A1E7A4F7556}") = "Week2Mandag", "Mandag\Week2Mandag.csproj", "{3224AA5C-8B6A-4E1D-AF96-AEBE9228E460}"
EndProject
Project("{2150E333-8FDC-42A3-9474-1A3956D46DE8}") = "Første Uge", "Første Uge", "{A233AF70-4F5D-4183-8C83-2312EB7FCD7C}"
EndProject
Project("{2150E333-8FDC-42A3-9474-1A3956D46DE8}") = "Anden Uge", "Anden Uge", "{88C2FCF6-5005-43BE-B653-865E14188284}"
EndProject
Project("{9A19103F-16F7-4668-BE54-9A1E7A4F7556}") = "Week2Tirsdag", "Tirsdag\Week2Tirsdag.csproj", "{60CDADC2-038D-47F0-A0B9-058A4FDD0409}"
EndProject
Project("{9A19103F-16F7-4668-BE54-9A1E7A4F7556}") = "Week2Onsdag", "Onsdag\Week2Onsdag.csproj", "{38DF463B-BD81-4D35-8B9D-C9A6D2286F30}"
EndProject
Project("{2150E333-8FDC-42A3-9474-1A3956D46DE8}") = "Tredje Uge", "Tredje Uge", "{D1F55EAE-B266-48CF-AC94-92D7A04DF9B8}"
EndProject
Project("{9A19103F-16F7-4668-BE54-9A1E7A4F7556}") = "MyClasses", "MyClasses\MyClasses.csproj", "{0E8D06A7-6669-4303-9E8D-B62CB412937C}"
EndProject
Project("{9A19103F-16F7-4668-BE54-9A1E7A4F7556}") = "Week3Reflection", "Reflection\Week3Reflection.csproj", "{66E17E37-A7F6-450B-9013-4DCCEBD2E33E}"
EndProject
Project("{2150E333-8FDC-42A3-9474-1A3956D46DE8}") = "Array Practice duing downtime", "Array Practice duing downtime", "{714002A7-6A8B-4269-BAB9-7E38824BA8D7}"
EndProject
Project("{9A19103F-16F7-4668-BE54-9A1E7A4F7556}") = "Logic", "Logic\Logic.csproj", "{74A71EAC-2413-4B67-A22E-D8AF83DF7A3D}"
EndProject
Project("{9A19103F-16F7-4668-BE54-9A1E7A4F7556}") = "UI", "Console.UI\UI.csproj", "{3CE4BDC3-89F9-498D-8E8C-084B9458F370}"
EndProject
Global
	GlobalSection(SolutionConfigurationPlatforms) = preSolution
		Debug|Any CPU = Debug|Any CPU
		Release|Any CPU = Release|Any CPU
	EndGlobalSection
	GlobalSection(ProjectConfigurationPlatforms) = postSolution
		{372D5B5E-998D-483C-B9B6-2B2F985C5829}.Debug|Any CPU.ActiveCfg = Debug|Any CPU
		{372D5B5E-998D-483C-B9B6-2B2F985C5829}.Debug|Any CPU.Build.0 = Debug|Any CPU
		{372D5B5E-998D-483C-B9B6-2B2F985C5829}.Release|Any CPU.ActiveCfg = Release|Any CPU
		{372D5B5E-998D-483C-B9B6-2B2F985C5829}.Release|Any CPU.Build.0 = Release|Any CPU
		{C7C413A4-5140-4105-8E3A-B2E54C61DDF7}.Debug|Any CPU.ActiveCfg = Debug|Any CPU
		{C7C413A4-5140-4105-8E3A-B2E54C61DDF7}.Debug|Any CPU.Build.0 = Debug|Any CPU
		{C7C413A4-5140-4105-8E3A-B2E54C61DDF7}.Release|Any CPU.ActiveCfg = Release|Any CPU
		{C7C413A4-5140-4105-8E3A-B2E54C61DDF7}.Release|Any CPU.Build.0 = Release|Any CPU
		{16A40559-A6B7-4141-BBA4-479A910BD6EE}.Debug|Any CPU.ActiveCfg = Debug|Any CPU
		{16A40559-A6B7-4141-BBA4-479A910BD6EE}.Debug|Any CPU.Build.0 = Debug|Any CPU
		{16A40559-A6B7-4141-BBA4-479A910BD6EE}.Release|Any CPU.ActiveCfg = Release|Any CPU
		{16A40559-A6B7-4141-BBA4-479A910BD6EE}.Release|Any CPU.Build.0 = Release|Any CPU
		{3224AA5C-8B6A-4E1D-AF96-AEBE9228E460}.Debug|Any CPU.ActiveCfg = Debug|Any CPU
		{3224AA5C-8B6A-4E1D-AF96-AEBE9228E460}.Debug|Any CPU.Build.0 = Debug|Any CPU
		{3224AA5C-8B6A-4E1D-AF96-AEBE9228E460}.Release|Any CPU.ActiveCfg = Release|Any CPU
		{3224AA5C-8B6A-4E1D-AF96-AEBE9228E460}.Release|Any CPU.Build.0 = Release|Any CPU
		{60CDADC2-038D-47F0-A0B9-058A4FDD0409}.Debug|Any CPU.ActiveCfg = Debug|Any CPU
		{60CDADC2-038D-47F0-A0B9-058A4FDD0409}.Debug|Any CPU.Build.0 = Debug|Any CPU
		{60CDADC2-038D-47F0-A0B9-058A4FDD0409}.Release|Any CPU.ActiveCfg = Release|Any CPU
		{60CDADC2-038D-47F0-A0B9-058A4FDD0409}.Release|Any CPU.Build.0 = Release|Any CPU
		{38DF463B-BD81-4D35-8B9D-C9A6D2286F30}.Debug|Any CPU.ActiveCfg = Debug|Any CPU
		{38DF463B-BD81-4D35-8B9D-C9A6D2286F30}.Debug|Any CPU.Build.0 = Debug|Any CPU
		{38DF463B-BD81-4D35-8B9D-C9A6D2286F30}.Release|Any CPU.ActiveCfg = Release|Any CPU
		{38DF463B-BD81-4D35-8B9D-C9A6D2286F30}.Release|Any CPU.Build.0 = Release|Any CPU
		{0E8D06A7-6669-4303-9E8D-B62CB412937C}.Debug|Any CPU.ActiveCfg = Debug|Any CPU
		{0E8D06A7-6669-4303-9E8D-B62CB412937C}.Debug|Any CPU.Build.0 = Debug|Any CPU
		{0E8D06A7-6669-4303-9E8D-B62CB412937C}.Release|Any CPU.ActiveCfg = Release|Any CPU
		{0E8D06A7-6669-4303-9E8D-B62CB412937C}.Release|Any CPU.Build.0 = Release|Any CPU
		{66E17E37-A7F6-450B-9013-4DCCEBD2E33E}.Debug|Any CPU.ActiveCfg = Debug|Any CPU
		{66E17E37-A7F6-450B-9013-4DCCEBD2E33E}.Debug|Any CPU.Build.0 = Debug|Any CPU
		{66E17E37-A7F6-450B-9013-4DCCEBD2E33E}.Release|Any CPU.ActiveCfg = Release|Any CPU
		{66E17E37-A7F6-450B-9013-4DCCEBD2E33E}.Release|Any CPU.Build.0 = Release|Any CPU
		{74A71EAC-2413-4B67-A22E-D8AF83DF7A3D}.Debug|Any CPU.ActiveCfg = Debug|Any CPU
		{74A71EAC-2413-4B67-A22E-D8AF83DF7A3D}.Debug|Any CPU.Build.0 = Debug|Any CPU
		{74A71EAC-2413-4B67-A22E-D8AF83DF7A3D}.Release|Any CPU.ActiveCfg = Release|Any CPU
		{74A71EAC-2413-4B67-A22E-D8AF83DF7A3D}.Release|Any CPU.Build.0 = Release|Any CPU
		{3CE4BDC3-89F9-498D-8E8C-084B9458F370}.Debug|Any CPU.ActiveCfg = Debug|Any CPU
		{3CE4BDC3-89F9-498D-8E8C-084B9458F370}.Debug|Any CPU.Build.0 = Debug|Any CPU
		{3CE4BDC3-89F9-498D-8E8C-084B9458F370}.Release|Any CPU.ActiveCfg = Release|Any CPU
		{3CE4BDC3-89F9-498D-8E8C-084B9458F370}.Release|Any CPU.Build.0 = Release|Any CPU
	EndGlobalSection
	GlobalSection(SolutionProperties) = preSolution
		HideSolutionNode = FALSE
	EndGlobalSection
	GlobalSection(NestedProjects) = preSolution
		{372D5B5E-998D-483C-B9B6-2B2F985C5829} = {A233AF70-4F5D-4183-8C83-2312EB7FCD7C}
		{C7C413A4-5140-4105-8E3A-B2E54C61DDF7} = {714002A7-6A8B-4269-BAB9-7E38824BA8D7}
		{16A40559-A6B7-4141-BBA4-479A910BD6EE} = {A233AF70-4F5D-4183-8C83-2312EB7FCD7C}
		{3224AA5C-8B6A-4E1D-AF96-AEBE9228E460} = {88C2FCF6-5005-43BE-B653-865E14188284}
		{60CDADC2-038D-47F0-A0B9-058A4FDD0409} = {88C2FCF6-5005-43BE-B653-865E14188284}
		{38DF463B-BD81-4D35-8B9D-C9A6D2286F30} = {88C2FCF6-5005-43BE-B653-865E14188284}
		{0E8D06A7-6669-4303-9E8D-B62CB412937C} = {D1F55EAE-B266-48CF-AC94-92D7A04DF9B8}
		{66E17E37-A7F6-450B-9013-4DCCEBD2E33E} = {D1F55EAE-B266-48CF-AC94-92D7A04DF9B8}
	EndGlobalSection
	GlobalSection(ExtensibilityGlobals) = postSolution
		SolutionGuid = {E52639B6-BEA9-40D8-91D1-3B74D1C36406}
	EndGlobalSection
EndGlobal
